// !$*UTF8*$!
{
	archiveVersion = 1;
	classes = {
	};
	objectVersion = 50;
	objects = {

/* Begin PBXBuildFile section */
		2967DBD8A1B0AF6B367A4559 /* Pods_Musu.framework in Frameworks */ = {isa = PBXBuildFile; fileRef = B936453D7BEAD77C34E2F975 /* Pods_Musu.framework */; };
		B12CADF6208984660023746D /* API.swift in Sources */ = {isa = PBXBuildFile; fileRef = B12CADF5208984660023746D /* API.swift */; };
		B13F4782209A5261003C86DE /* PostTableViewCell.swift in Sources */ = {isa = PBXBuildFile; fileRef = B13F4781209A5261003C86DE /* PostTableViewCell.swift */; };
		B13F4784209A55B2003C86DE /* PostTableViewController.swift in Sources */ = {isa = PBXBuildFile; fileRef = B13F4783209A55B2003C86DE /* PostTableViewController.swift */; };
		B1803A3520A3CF8000830BA0 /* NewPostViewController.swift in Sources */ = {isa = PBXBuildFile; fileRef = B1803A3420A3CF8000830BA0 /* NewPostViewController.swift */; };
		B193E09720A90E52007515D4 /* UserInfo.swift in Sources */ = {isa = PBXBuildFile; fileRef = B193E09620A90E52007515D4 /* UserInfo.swift */; };
		B1B5B04020884FF5001BF2C7 /* AppDelegate.swift in Sources */ = {isa = PBXBuildFile; fileRef = B1B5B03F20884FF5001BF2C7 /* AppDelegate.swift */; };
		B1B5B04220884FF5001BF2C7 /* LoginViewController.swift in Sources */ = {isa = PBXBuildFile; fileRef = B1B5B04120884FF5001BF2C7 /* LoginViewController.swift */; };
		B1B5B04420884FF5001BF2C7 /* CreateUserViewController.swift in Sources */ = {isa = PBXBuildFile; fileRef = B1B5B04320884FF5001BF2C7 /* CreateUserViewController.swift */; };
		B1B5B04720884FF5001BF2C7 /* Main.storyboard in Resources */ = {isa = PBXBuildFile; fileRef = B1B5B04520884FF5001BF2C7 /* Main.storyboard */; };
		B1B5B04920884FF7001BF2C7 /* Assets.xcassets in Resources */ = {isa = PBXBuildFile; fileRef = B1B5B04820884FF7001BF2C7 /* Assets.xcassets */; };
		B1B5B04C20884FF7001BF2C7 /* LaunchScreen.storyboard in Resources */ = {isa = PBXBuildFile; fileRef = B1B5B04A20884FF7001BF2C7 /* LaunchScreen.storyboard */; };
		B1BCD40C209DDE530061CE59 /* KeychainPasswordItem.swift in Sources */ = {isa = PBXBuildFile; fileRef = B1BCD40B209DDE530061CE59 /* KeychainPasswordItem.swift */; };
		B1E6CC17208EDB0C00276697 /* Post.swift in Sources */ = {isa = PBXBuildFile; fileRef = B1E6CC16208EDB0C00276697 /* Post.swift */; };
		B1EB465720C0BC0900C7B96A /* HelperExtensions.swift in Sources */ = {isa = PBXBuildFile; fileRef = B1EB465620C0BC0900C7B96A /* HelperExtensions.swift */; };
		B1F154E0209FE4C900E74A7B /* PostsPersonalViewController.swift in Sources */ = {isa = PBXBuildFile; fileRef = B1F154DF209FE4C900E74A7B /* PostsPersonalViewController.swift */; };
		B1F154E2209FE75E00E74A7B /* PostsLatestViewController.swift in Sources */ = {isa = PBXBuildFile; fileRef = B1F154E1209FE75E00E74A7B /* PostsLatestViewController.swift */; };
		B1F154E4209FE77000E74A7B /* PostsGroupsViewController.swift in Sources */ = {isa = PBXBuildFile; fileRef = B1F154E3209FE77000E74A7B /* PostsGroupsViewController.swift */; };
		B1F154E6209FEEB500E74A7B /* PostDetailViewController.swift in Sources */ = {isa = PBXBuildFile; fileRef = B1F154E5209FEEB400E74A7B /* PostDetailViewController.swift */; };
		B1F9187D20A292D3006E6A3E /* SettingsViewController.swift in Sources */ = {isa = PBXBuildFile; fileRef = B1F9187C20A292D3006E6A3E /* SettingsViewController.swift */; };
/* End PBXBuildFile section */

/* Begin PBXCopyFilesBuildPhase section */
		B1803A4620A3EF5F00830BA0 /* Embed Frameworks */ = {
			isa = PBXCopyFilesBuildPhase;
			buildActionMask = 2147483647;
			dstPath = "";
			dstSubfolderSpec = 10;
			files = (
			);
			name = "Embed Frameworks";
			runOnlyForDeploymentPostprocessing = 0;
		};
/* End PBXCopyFilesBuildPhase section */

/* Begin PBXFileReference section */
		44818761FC8D43393BC1F807 /* Pods-Musu.debug.xcconfig */ = {isa = PBXFileReference; includeInIndex = 1; lastKnownFileType = text.xcconfig; name = "Pods-Musu.debug.xcconfig"; path = "Pods/Target Support Files/Pods-Musu/Pods-Musu.debug.xcconfig"; sourceTree = "<group>"; };
		8EDDF5F863B96F5274AB3C8B /* Pods-Musu.release.xcconfig */ = {isa = PBXFileReference; includeInIndex = 1; lastKnownFileType = text.xcconfig; name = "Pods-Musu.release.xcconfig"; path = "Pods/Target Support Files/Pods-Musu/Pods-Musu.release.xcconfig"; sourceTree = "<group>"; };
		B12CADF5208984660023746D /* API.swift */ = {isa = PBXFileReference; lastKnownFileType = sourcecode.swift; path = API.swift; sourceTree = "<group>"; };
		B13F4781209A5261003C86DE /* PostTableViewCell.swift */ = {isa = PBXFileReference; lastKnownFileType = sourcecode.swift; path = PostTableViewCell.swift; sourceTree = "<group>"; };
		B13F4783209A55B2003C86DE /* PostTableViewController.swift */ = {isa = PBXFileReference; lastKnownFileType = sourcecode.swift; path = PostTableViewController.swift; sourceTree = "<group>"; };
		B1803A3420A3CF8000830BA0 /* NewPostViewController.swift */ = {isa = PBXFileReference; lastKnownFileType = sourcecode.swift; path = NewPostViewController.swift; sourceTree = "<group>"; };
		B193E09620A90E52007515D4 /* UserInfo.swift */ = {isa = PBXFileReference; lastKnownFileType = sourcecode.swift; path = UserInfo.swift; sourceTree = "<group>"; };
		B1B5B03C20884FF5001BF2C7 /* Musu.app */ = {isa = PBXFileReference; explicitFileType = wrapper.application; includeInIndex = 0; path = Musu.app; sourceTree = BUILT_PRODUCTS_DIR; };
		B1B5B03F20884FF5001BF2C7 /* AppDelegate.swift */ = {isa = PBXFileReference; lastKnownFileType = sourcecode.swift; path = AppDelegate.swift; sourceTree = "<group>"; };
		B1B5B04120884FF5001BF2C7 /* LoginViewController.swift */ = {isa = PBXFileReference; lastKnownFileType = sourcecode.swift; path = LoginViewController.swift; sourceTree = "<group>"; };
		B1B5B04320884FF5001BF2C7 /* CreateUserViewController.swift */ = {isa = PBXFileReference; lastKnownFileType = sourcecode.swift; path = CreateUserViewController.swift; sourceTree = "<group>"; };
		B1B5B04620884FF5001BF2C7 /* Base */ = {isa = PBXFileReference; lastKnownFileType = file.storyboard; name = Base; path = Base.lproj/Main.storyboard; sourceTree = "<group>"; };
		B1B5B04820884FF7001BF2C7 /* Assets.xcassets */ = {isa = PBXFileReference; lastKnownFileType = folder.assetcatalog; path = Assets.xcassets; sourceTree = "<group>"; };
		B1B5B04B20884FF7001BF2C7 /* Base */ = {isa = PBXFileReference; lastKnownFileType = file.storyboard; name = Base; path = Base.lproj/LaunchScreen.storyboard; sourceTree = "<group>"; };
		B1B5B04D20884FF7001BF2C7 /* Info.plist */ = {isa = PBXFileReference; lastKnownFileType = text.plist.xml; path = Info.plist; sourceTree = "<group>"; };
		B1BCD40B209DDE530061CE59 /* KeychainPasswordItem.swift */ = {isa = PBXFileReference; lastKnownFileType = sourcecode.swift; path = KeychainPasswordItem.swift; sourceTree = "<group>"; };
		B1E6CC16208EDB0C00276697 /* Post.swift */ = {isa = PBXFileReference; lastKnownFileType = sourcecode.swift; path = Post.swift; sourceTree = "<group>"; };
		B1EB465620C0BC0900C7B96A /* HelperExtensions.swift */ = {isa = PBXFileReference; lastKnownFileType = sourcecode.swift; path = HelperExtensions.swift; sourceTree = "<group>"; };
		B1F154DF209FE4C900E74A7B /* PostsPersonalViewController.swift */ = {isa = PBXFileReference; lastKnownFileType = sourcecode.swift; path = PostsPersonalViewController.swift; sourceTree = "<group>"; };
		B1F154E1209FE75E00E74A7B /* PostsLatestViewController.swift */ = {isa = PBXFileReference; fileEncoding = 4; lastKnownFileType = sourcecode.swift; path = PostsLatestViewController.swift; sourceTree = "<group>"; };
		B1F154E3209FE77000E74A7B /* PostsGroupsViewController.swift */ = {isa = PBXFileReference; fileEncoding = 4; lastKnownFileType = sourcecode.swift; path = PostsGroupsViewController.swift; sourceTree = "<group>"; };
		B1F154E5209FEEB400E74A7B /* PostDetailViewController.swift */ = {isa = PBXFileReference; lastKnownFileType = sourcecode.swift; path = PostDetailViewController.swift; sourceTree = "<group>"; };
		B1F9187C20A292D3006E6A3E /* SettingsViewController.swift */ = {isa = PBXFileReference; fileEncoding = 4; lastKnownFileType = sourcecode.swift; path = SettingsViewController.swift; sourceTree = "<group>"; };
		B936453D7BEAD77C34E2F975 /* Pods_Musu.framework */ = {isa = PBXFileReference; explicitFileType = wrapper.framework; includeInIndex = 0; path = Pods_Musu.framework; sourceTree = BUILT_PRODUCTS_DIR; };
/* End PBXFileReference section */

/* Begin PBXFrameworksBuildPhase section */
		B1B5B03920884FF5001BF2C7 /* Frameworks */ = {
			isa = PBXFrameworksBuildPhase;
			buildActionMask = 2147483647;
			files = (
				2967DBD8A1B0AF6B367A4559 /* Pods_Musu.framework in Frameworks */,
			);
			runOnlyForDeploymentPostprocessing = 0;
		};
/* End PBXFrameworksBuildPhase section */

/* Begin PBXGroup section */
		3148614383B79D5009A3A616 /* Pods */ = {
			isa = PBXGroup;
			children = (
				44818761FC8D43393BC1F807 /* Pods-Musu.debug.xcconfig */,
				8EDDF5F863B96F5274AB3C8B /* Pods-Musu.release.xcconfig */,
			);
			name = Pods;
			sourceTree = "<group>";
		};
		B1B5B03320884FF5001BF2C7 = {
			isa = PBXGroup;
			children = (
				B1B5B03E20884FF5001BF2C7 /* Musu */,
				B1B5B03D20884FF5001BF2C7 /* Products */,
				3148614383B79D5009A3A616 /* Pods */,
				F728E4454AB324314AED6503 /* Frameworks */,
			);
			sourceTree = "<group>";
		};
		B1B5B03D20884FF5001BF2C7 /* Products */ = {
			isa = PBXGroup;
			children = (
				B1B5B03C20884FF5001BF2C7 /* Musu.app */,
			);
			name = Products;
			sourceTree = "<group>";
		};
		B1B5B03E20884FF5001BF2C7 /* Musu */ = {
			isa = PBXGroup;
			children = (
				B1B5B03F20884FF5001BF2C7 /* AppDelegate.swift */,
				B1B5B04120884FF5001BF2C7 /* LoginViewController.swift */,
				B1B5B04320884FF5001BF2C7 /* CreateUserViewController.swift */,
				B1F9187C20A292D3006E6A3E /* SettingsViewController.swift */,
				B1F154E5209FEEB400E74A7B /* PostDetailViewController.swift */,
				B1E6CC16208EDB0C00276697 /* Post.swift */,
				B13F4781209A5261003C86DE /* PostTableViewCell.swift */,
				B13F4783209A55B2003C86DE /* PostTableViewController.swift */,
				B1F154DF209FE4C900E74A7B /* PostsPersonalViewController.swift */,
				B1F154E1209FE75E00E74A7B /* PostsLatestViewController.swift */,
				B1F154E3209FE77000E74A7B /* PostsGroupsViewController.swift */,
				B1803A3420A3CF8000830BA0 /* NewPostViewController.swift */,
				B1BCD40B209DDE530061CE59 /* KeychainPasswordItem.swift */,
				B12CADF5208984660023746D /* API.swift */,
				B193E09620A90E52007515D4 /* UserInfo.swift */,
				B1B5B04520884FF5001BF2C7 /* Main.storyboard */,
				B1EB465620C0BC0900C7B96A /* HelperExtensions.swift */,
				B1B5B04820884FF7001BF2C7 /* Assets.xcassets */,
				B1B5B04A20884FF7001BF2C7 /* LaunchScreen.storyboard */,
				B1B5B04D20884FF7001BF2C7 /* Info.plist */,
			);
			path = Musu;
			sourceTree = "<group>";
		};
		F728E4454AB324314AED6503 /* Frameworks */ = {
			isa = PBXGroup;
			children = (
				B936453D7BEAD77C34E2F975 /* Pods_Musu.framework */,
			);
			name = Frameworks;
			sourceTree = "<group>";
		};
/* End PBXGroup section */

/* Begin PBXNativeTarget section */
		B1B5B03B20884FF5001BF2C7 /* Musu */ = {
			isa = PBXNativeTarget;
			buildConfigurationList = B1B5B05020884FF7001BF2C7 /* Build configuration list for PBXNativeTarget "Musu" */;
			buildPhases = (
				D79ED588C06CA5A4EF94EA73 /* [CP] Check Pods Manifest.lock */,
				B1B5B03820884FF5001BF2C7 /* Sources */,
				B1B5B03920884FF5001BF2C7 /* Frameworks */,
				B1B5B03A20884FF5001BF2C7 /* Resources */,
				B1803A4620A3EF5F00830BA0 /* Embed Frameworks */,
				B5EE3AF020C2F3973DC3781A /* [CP] Embed Pods Frameworks */,
			);
			buildRules = (
			);
			dependencies = (
			);
			name = Musu;
			productName = Musu;
			productReference = B1B5B03C20884FF5001BF2C7 /* Musu.app */;
			productType = "com.apple.product-type.application";
		};
/* End PBXNativeTarget section */

/* Begin PBXProject section */
		B1B5B03420884FF5001BF2C7 /* Project object */ = {
			isa = PBXProject;
			attributes = {
				LastSwiftUpdateCheck = 0930;
				LastUpgradeCheck = 0930;
				ORGANIZATIONNAME = RLZIII;
				TargetAttributes = {
					B1B5B03B20884FF5001BF2C7 = {
						CreatedOnToolsVersion = 9.3;
					};
				};
			};
			buildConfigurationList = B1B5B03720884FF5001BF2C7 /* Build configuration list for PBXProject "Musu" */;
			compatibilityVersion = "Xcode 9.3";
			developmentRegion = en;
			hasScannedForEncodings = 0;
			knownRegions = (
				en,
				Base,
			);
			mainGroup = B1B5B03320884FF5001BF2C7;
			productRefGroup = B1B5B03D20884FF5001BF2C7 /* Products */;
			projectDirPath = "";
			projectRoot = "";
			targets = (
				B1B5B03B20884FF5001BF2C7 /* Musu */,
			);
		};
/* End PBXProject section */

/* Begin PBXResourcesBuildPhase section */
		B1B5B03A20884FF5001BF2C7 /* Resources */ = {
			isa = PBXResourcesBuildPhase;
			buildActionMask = 2147483647;
			files = (
				B1B5B04C20884FF7001BF2C7 /* LaunchScreen.storyboard in Resources */,
				B1B5B04920884FF7001BF2C7 /* Assets.xcassets in Resources */,
				B1B5B04720884FF5001BF2C7 /* Main.storyboard in Resources */,
			);
			runOnlyForDeploymentPostprocessing = 0;
		};
/* End PBXResourcesBuildPhase section */

/* Begin PBXShellScriptBuildPhase section */
		B5EE3AF020C2F3973DC3781A /* [CP] Embed Pods Frameworks */ = {
			isa = PBXShellScriptBuildPhase;
			buildActionMask = 2147483647;
			files = (
			);
			inputPaths = (
				"${SRCROOT}/Pods/Target Support Files/Pods-Musu/Pods-Musu-frameworks.sh",
				"${BUILT_PRODUCTS_DIR}/Alamofire/Alamofire.framework",
				"${BUILT_PRODUCTS_DIR}/Cloudinary/Cloudinary.framework",
			);
			name = "[CP] Embed Pods Frameworks";
			outputPaths = (
				"${TARGET_BUILD_DIR}/${FRAMEWORKS_FOLDER_PATH}/Alamofire.framework",
				"${TARGET_BUILD_DIR}/${FRAMEWORKS_FOLDER_PATH}/Cloudinary.framework",
			);
			runOnlyForDeploymentPostprocessing = 0;
			shellPath = /bin/sh;
			shellScript = "\"${SRCROOT}/Pods/Target Support Files/Pods-Musu/Pods-Musu-frameworks.sh\"\n";
			showEnvVarsInLog = 0;
		};
		D79ED588C06CA5A4EF94EA73 /* [CP] Check Pods Manifest.lock */ = {
			isa = PBXShellScriptBuildPhase;
			buildActionMask = 2147483647;
			files = (
			);
			inputPaths = (
				"${PODS_PODFILE_DIR_PATH}/Podfile.lock",
				"${PODS_ROOT}/Manifest.lock",
			);
			name = "[CP] Check Pods Manifest.lock";
			outputPaths = (
				"$(DERIVED_FILE_DIR)/Pods-Musu-checkManifestLockResult.txt",
			);
			runOnlyForDeploymentPostprocessing = 0;
			shellPath = /bin/sh;
			shellScript = "diff \"${PODS_PODFILE_DIR_PATH}/Podfile.lock\" \"${PODS_ROOT}/Manifest.lock\" > /dev/null\nif [ $? != 0 ] ; then\n    # print error to STDERR\n    echo \"error: The sandbox is not in sync with the Podfile.lock. Run 'pod install' or update your CocoaPods installation.\" >&2\n    exit 1\nfi\n# This output is used by Xcode 'outputs' to avoid re-running this script phase.\necho \"SUCCESS\" > \"${SCRIPT_OUTPUT_FILE_0}\"\n";
			showEnvVarsInLog = 0;
		};
/* End PBXShellScriptBuildPhase section */

/* Begin PBXSourcesBuildPhase section */
		B1B5B03820884FF5001BF2C7 /* Sources */ = {
			isa = PBXSourcesBuildPhase;
			buildActionMask = 2147483647;
			files = (
				B12CADF6208984660023746D /* API.swift in Sources */,
				B1EB465720C0BC0900C7B96A /* HelperExtensions.swift in Sources */,
				B1F154E6209FEEB500E74A7B /* PostDetailViewController.swift in Sources */,
				B1F154E2209FE75E00E74A7B /* PostsLatestViewController.swift in Sources */,
				B1803A3520A3CF8000830BA0 /* NewPostViewController.swift in Sources */,
				B1B5B04420884FF5001BF2C7 /* CreateUserViewController.swift in Sources */,
				B1B5B04020884FF5001BF2C7 /* AppDelegate.swift in Sources */,
				B1BCD40C209DDE530061CE59 /* KeychainPasswordItem.swift in Sources */,
				B1F154E0209FE4C900E74A7B /* PostsPersonalViewController.swift in Sources */,
				B1B5B04220884FF5001BF2C7 /* LoginViewController.swift in Sources */,
				B1E6CC17208EDB0C00276697 /* Post.swift in Sources */,
				B13F4784209A55B2003C86DE /* PostTableViewController.swift in Sources */,
				B1F9187D20A292D3006E6A3E /* SettingsViewController.swift in Sources */,
				B1F154E4209FE77000E74A7B /* PostsGroupsViewController.swift in Sources */,
				B193E09720A90E52007515D4 /* UserInfo.swift in Sources */,
				B13F4782209A5261003C86DE /* PostTableViewCell.swift in Sources */,
			);
			runOnlyForDeploymentPostprocessing = 0;
		};
/* End PBXSourcesBuildPhase section */

/* Begin PBXVariantGroup section */
		B1B5B04520884FF5001BF2C7 /* Main.storyboard */ = {
			isa = PBXVariantGroup;
			children = (
				B1B5B04620884FF5001BF2C7 /* Base */,
			);
			name = Main.storyboard;
			sourceTree = "<group>";
		};
		B1B5B04A20884FF7001BF2C7 /* LaunchScreen.storyboard */ = {
			isa = PBXVariantGroup;
			children = (
				B1B5B04B20884FF7001BF2C7 /* Base */,
			);
			name = LaunchScreen.storyboard;
			sourceTree = "<group>";
		};
/* End PBXVariantGroup section */

/* Begin XCBuildConfiguration section */
		B1B5B04E20884FF7001BF2C7 /* Debug */ = {
			isa = XCBuildConfiguration;
			buildSettings = {
				ALWAYS_SEARCH_USER_PATHS = NO;
				CLANG_ANALYZER_NONNULL = YES;
				CLANG_ANALYZER_NUMBER_OBJECT_CONVERSION = YES_AGGRESSIVE;
				CLANG_CXX_LANGUAGE_STANDARD = "gnu++14";
				CLANG_CXX_LIBRARY = "libc++";
				CLANG_ENABLE_MODULES = YES;
				CLANG_ENABLE_OBJC_ARC = YES;
				CLANG_ENABLE_OBJC_WEAK = YES;
				CLANG_WARN_BLOCK_CAPTURE_AUTORELEASING = YES;
				CLANG_WARN_BOOL_CONVERSION = YES;
				CLANG_WARN_COMMA = YES;
				CLANG_WARN_CONSTANT_CONVERSION = YES;
				CLANG_WARN_DEPRECATED_OBJC_IMPLEMENTATIONS = YES;
				CLANG_WARN_DIRECT_OBJC_ISA_USAGE = YES_ERROR;
				CLANG_WARN_DOCUMENTATION_COMMENTS = YES;
				CLANG_WARN_EMPTY_BODY = YES;
				CLANG_WARN_ENUM_CONVERSION = YES;
				CLANG_WARN_INFINITE_RECURSION = YES;
				CLANG_WARN_INT_CONVERSION = YES;
				CLANG_WARN_NON_LITERAL_NULL_CONVERSION = YES;
				CLANG_WARN_OBJC_IMPLICIT_RETAIN_SELF = YES;
				CLANG_WARN_OBJC_LITERAL_CONVERSION = YES;
				CLANG_WARN_OBJC_ROOT_CLASS = YES_ERROR;
				CLANG_WARN_RANGE_LOOP_ANALYSIS = YES;
				CLANG_WARN_STRICT_PROTOTYPES = YES;
				CLANG_WARN_SUSPICIOUS_MOVE = YES;
				CLANG_WARN_UNGUARDED_AVAILABILITY = YES_AGGRESSIVE;
				CLANG_WARN_UNREACHABLE_CODE = YES;
				CLANG_WARN__DUPLICATE_METHOD_MATCH = YES;
				CODE_SIGN_IDENTITY = "iPhone Developer";
				COPY_PHASE_STRIP = NO;
				DEBUG_INFORMATION_FORMAT = dwarf;
				ENABLE_STRICT_OBJC_MSGSEND = YES;
				ENABLE_TESTABILITY = YES;
				GCC_C_LANGUAGE_STANDARD = gnu11;
				GCC_DYNAMIC_NO_PIC = NO;
				GCC_NO_COMMON_BLOCKS = YES;
				GCC_OPTIMIZATION_LEVEL = 0;
				GCC_PREPROCESSOR_DEFINITIONS = (
					"DEBUG=1",
					"$(inherited)",
				);
				GCC_WARN_64_TO_32_BIT_CONVERSION = YES;
				GCC_WARN_ABOUT_RETURN_TYPE = YES_ERROR;
				GCC_WARN_UNDECLARED_SELECTOR = YES;
				GCC_WARN_UNINITIALIZED_AUTOS = YES_AGGRESSIVE;
				GCC_WARN_UNUSED_FUNCTION = YES;
				GCC_WARN_UNUSED_VARIABLE = YES;
				IPHONEOS_DEPLOYMENT_TARGET = 11.3;
				MTL_ENABLE_DEBUG_INFO = YES;
				ONLY_ACTIVE_ARCH = YES;
				SDKROOT = iphoneos;
				SWIFT_ACTIVE_COMPILATION_CONDITIONS = DEBUG;
				SWIFT_OPTIMIZATION_LEVEL = "-Onone";
			};
			name = Debug;
		};
		B1B5B04F20884FF7001BF2C7 /* Release */ = {
			isa = XCBuildConfiguration;
			buildSettings = {
				ALWAYS_SEARCH_USER_PATHS = NO;
				CLANG_ANALYZER_NONNULL = YES;
				CLANG_ANALYZER_NUMBER_OBJECT_CONVERSION = YES_AGGRESSIVE;
				CLANG_CXX_LANGUAGE_STANDARD = "gnu++14";
				CLANG_CXX_LIBRARY = "libc++";
				CLANG_ENABLE_MODULES = YES;
				CLANG_ENABLE_OBJC_ARC = YES;
				CLANG_ENABLE_OBJC_WEAK = YES;
				CLANG_WARN_BLOCK_CAPTURE_AUTORELEASING = YES;
				CLANG_WARN_BOOL_CONVERSION = YES;
				CLANG_WARN_COMMA = YES;
				CLANG_WARN_CONSTANT_CONVERSION = YES;
				CLANG_WARN_DEPRECATED_OBJC_IMPLEMENTATIONS = YES;
				CLANG_WARN_DIRECT_OBJC_ISA_USAGE = YES_ERROR;
				CLANG_WARN_DOCUMENTATION_COMMENTS = YES;
				CLANG_WARN_EMPTY_BODY = YES;
				CLANG_WARN_ENUM_CONVERSION = YES;
				CLANG_WARN_INFINITE_RECURSION = YES;
				CLANG_WARN_INT_CONVERSION = YES;
				CLANG_WARN_NON_LITERAL_NULL_CONVERSION = YES;
				CLANG_WARN_OBJC_IMPLICIT_RETAIN_SELF = YES;
				CLANG_WARN_OBJC_LITERAL_CONVERSION = YES;
				CLANG_WARN_OBJC_ROOT_CLASS = YES_ERROR;
				CLANG_WARN_RANGE_LOOP_ANALYSIS = YES;
				CLANG_WARN_STRICT_PROTOTYPES = YES;
				CLANG_WARN_SUSPICIOUS_MOVE = YES;
				CLANG_WARN_UNGUARDED_AVAILABILITY = YES_AGGRESSIVE;
				CLANG_WARN_UNREACHABLE_CODE = YES;
				CLANG_WARN__DUPLICATE_METHOD_MATCH = YES;
				CODE_SIGN_IDENTITY = "iPhone Developer";
				COPY_PHASE_STRIP = NO;
				DEBUG_INFORMATION_FORMAT = "dwarf-with-dsym";
				ENABLE_NS_ASSERTIONS = NO;
				ENABLE_STRICT_OBJC_MSGSEND = YES;
				GCC_C_LANGUAGE_STANDARD = gnu11;
				GCC_NO_COMMON_BLOCKS = YES;
				GCC_WARN_64_TO_32_BIT_CONVERSION = YES;
				GCC_WARN_ABOUT_RETURN_TYPE = YES_ERROR;
				GCC_WARN_UNDECLARED_SELECTOR = YES;
				GCC_WARN_UNINITIALIZED_AUTOS = YES_AGGRESSIVE;
				GCC_WARN_UNUSED_FUNCTION = YES;
				GCC_WARN_UNUSED_VARIABLE = YES;
				IPHONEOS_DEPLOYMENT_TARGET = 11.3;
				MTL_ENABLE_DEBUG_INFO = NO;
				SDKROOT = iphoneos;
				SWIFT_COMPILATION_MODE = wholemodule;
				SWIFT_OPTIMIZATION_LEVEL = "-O";
				VALIDATE_PRODUCT = YES;
			};
			name = Release;
		};
		B1B5B05120884FF7001BF2C7 /* Debug */ = {
			isa = XCBuildConfiguration;
			baseConfigurationReference = 44818761FC8D43393BC1F807 /* Pods-Musu.debug.xcconfig */;
			buildSettings = {
				ALWAYS_EMBED_SWIFT_STANDARD_LIBRARIES = "$(inherited)";
				ASSETCATALOG_COMPILER_APPICON_NAME = AppIcon;
				CODE_SIGN_STYLE = Automatic;
				DEVELOPMENT_TEAM = 78CW4BPHYV;
				INFOPLIST_FILE = Musu/Info.plist;
				LD_RUNPATH_SEARCH_PATHS = (
					"$(inherited)",
					"@executable_path/Frameworks",
				);
				PRODUCT_BUNDLE_IDENTIFIER = com.rlziii.Musu;
				PRODUCT_NAME = "$(TARGET_NAME)";
				SWIFT_VERSION = 4.0;
				TARGETED_DEVICE_FAMILY = "1,2";
			};
			name = Debug;
		};
		B1B5B05220884FF7001BF2C7 /* Release */ = {
			isa = XCBuildConfiguration;
			baseConfigurationReference = 8EDDF5F863B96F5274AB3C8B /* Pods-Musu.release.xcconfig */;
			buildSettings = {
				ALWAYS_EMBED_SWIFT_STANDARD_LIBRARIES = "$(inherited)";
				ASSETCATALOG_COMPILER_APPICON_NAME = AppIcon;
				CODE_SIGN_STYLE = Automatic;
				DEVELOPMENT_TEAM = 78CW4BPHYV;
				INFOPLIST_FILE = Musu/Info.plist;
				LD_RUNPATH_SEARCH_PATHS = (
					"$(inherited)",
					"@executable_path/Frameworks",
				);
				PRODUCT_BUNDLE_IDENTIFIER = com.rlziii.Musu;
				PRODUCT_NAME = "$(TARGET_NAME)";
				SWIFT_VERSION = 4.0;
				TARGETED_DEVICE_FAMILY = "1,2";
			};
			name = Release;
		};
/* End XCBuildConfiguration section */

/* Begin XCConfigurationList section */
		B1B5B03720884FF5001BF2C7 /* Build configuration list for PBXProject "Musu" */ = {
			isa = XCConfigurationList;
			buildConfigurations = (
				B1B5B04E20884FF7001BF2C7 /* Debug */,
				B1B5B04F20884FF7001BF2C7 /* Release */,
			);
			defaultConfigurationIsVisible = 0;
			defaultConfigurationName = Release;
		};
		B1B5B05020884FF7001BF2C7 /* Build configuration list for PBXNativeTarget "Musu" */ = {
			isa = XCConfigurationList;
			buildConfigurations = (
				B1B5B05120884FF7001BF2C7 /* Debug */,
				B1B5B05220884FF7001BF2C7 /* Release */,
			);
			defaultConfigurationIsVisible = 0;
			defaultConfigurationName = Release;
		};
/* End XCConfigurationList section */
	};
	rootObject = B1B5B03420884FF5001BF2C7 /* Project object */;
}
